
Microsoft Visual Studio Solution File, Format Version 12.00
# Visual Studio 15
VisualStudioVersion = 15.0.26127.0
MinimumVisualStudioVersion = 10.0.40219.1
Project("{FAE04EC0-301F-11D3-BF4B-00C04F79EFBC}") = "TCC Eng Info", "TCC Eng Info.csproj", "{60AFA992-642A-4822-88EE-9A6787AF0B23}"
EndProject
Project("{2150E333-8FDC-42A3-9474-1A3956D46DE8}") = "Arduino", "Arduino", "{F0871906-7AC6-44BC-9901-DFE3FAB6050A}"
	ProjectSection(SolutionItems) = preProject
		..\DisplayLED\DisplayLED.ino = ..\DisplayLED\DisplayLED.ino
	EndProjectSection
EndProject
Project("{2150E333-8FDC-42A3-9474-1A3956D46DE8}") = "UWP", "UWP", "{B72AA434-7821-4CEB-BB6F-7A8BA95A4264}"
EndProject
Project("{FAE04EC0-301F-11D3-BF4B-00C04F79EFBC}") = "MedianFilter", "..\MedianFilter\MedianFilter.csproj", "{09ED5F57-634D-4CF1-8ECD-2FFB6F976847}"
EndProject
Global
	GlobalSection(SolutionConfigurationPlatforms) = preSolution
		Debug|Any CPU = Debug|Any CPU
		Debug|ARM = Debug|ARM
		Debug|x64 = Debug|x64
		Debug|x86 = Debug|x86
		Release|Any CPU = Release|Any CPU
		Release|ARM = Release|ARM
		Release|x64 = Release|x64
		Release|x86 = Release|x86
	EndGlobalSection
	GlobalSection(ProjectConfigurationPlatforms) = postSolution
		{60AFA992-642A-4822-88EE-9A6787AF0B23}.Debug|Any CPU.ActiveCfg = Debug|x86
		{60AFA992-642A-4822-88EE-9A6787AF0B23}.Debug|ARM.ActiveCfg = Debug|ARM
		{60AFA992-642A-4822-88EE-9A6787AF0B23}.Debug|ARM.Build.0 = Debug|ARM
		{60AFA992-642A-4822-88EE-9A6787AF0B23}.Debug|ARM.Deploy.0 = Debug|ARM
		{60AFA992-642A-4822-88EE-9A6787AF0B23}.Debug|x64.ActiveCfg = Debug|x64
		{60AFA992-642A-4822-88EE-9A6787AF0B23}.Debug|x64.Build.0 = Debug|x64
		{60AFA992-642A-4822-88EE-9A6787AF0B23}.Debug|x64.Deploy.0 = Debug|x64
		{60AFA992-642A-4822-88EE-9A6787AF0B23}.Debug|x86.ActiveCfg = Debug|x86
		{60AFA992-642A-4822-88EE-9A6787AF0B23}.Debug|x86.Build.0 = Debug|x86
		{60AFA992-642A-4822-88EE-9A6787AF0B23}.Debug|x86.Deploy.0 = Debug|x86
		{60AFA992-642A-4822-88EE-9A6787AF0B23}.Release|Any CPU.ActiveCfg = Release|x86
		{60AFA992-642A-4822-88EE-9A6787AF0B23}.Release|ARM.ActiveCfg = Release|ARM
		{60AFA992-642A-4822-88EE-9A6787AF0B23}.Release|ARM.Build.0 = Release|ARM
		{60AFA992-642A-4822-88EE-9A6787AF0B23}.Release|ARM.Deploy.0 = Release|ARM
		{60AFA992-642A-4822-88EE-9A6787AF0B23}.Release|x64.ActiveCfg = Release|x64
		{60AFA992-642A-4822-88EE-9A6787AF0B23}.Release|x64.Build.0 = Release|x64
		{60AFA992-642A-4822-88EE-9A6787AF0B23}.Release|x64.Deploy.0 = Release|x64
		{60AFA992-642A-4822-88EE-9A6787AF0B23}.Release|x86.ActiveCfg = Release|x86
		{60AFA992-642A-4822-88EE-9A6787AF0B23}.Release|x86.Build.0 = Release|x86
		{60AFA992-642A-4822-88EE-9A6787AF0B23}.Release|x86.Deploy.0 = Release|x86
		{09ED5F57-634D-4CF1-8ECD-2FFB6F976847}.Debug|Any CPU.ActiveCfg = Debug|Any CPU
		{09ED5F57-634D-4CF1-8ECD-2FFB6F976847}.Debug|Any CPU.Build.0 = Debug|Any CPU
		{09ED5F57-634D-4CF1-8ECD-2FFB6F976847}.Debug|ARM.ActiveCfg = Debug|Any CPU
		{09ED5F57-634D-4CF1-8ECD-2FFB6F976847}.Debug|ARM.Build.0 = Debug|Any CPU
		{09ED5F57-634D-4CF1-8ECD-2FFB6F976847}.Debug|x64.ActiveCfg = Debug|Any CPU
		{09ED5F57-634D-4CF1-8ECD-2FFB6F976847}.Debug|x64.Build.0 = Debug|Any CPU
		{09ED5F57-634D-4CF1-8ECD-2FFB6F976847}.Debug|x86.ActiveCfg = Debug|Any CPU
		{09ED5F57-634D-4CF1-8ECD-2FFB6F976847}.Debug|x86.Build.0 = Debug|Any CPU
		{09ED5F57-634D-4CF1-8ECD-2FFB6F976847}.Release|Any CPU.ActiveCfg = Release|Any CPU
		{09ED5F57-634D-4CF1-8ECD-2FFB6F976847}.Release|Any CPU.Build.0 = Release|Any CPU
		{09ED5F57-634D-4CF1-8ECD-2FFB6F976847}.Release|ARM.ActiveCfg = Release|Any CPU
		{09ED5F57-634D-4CF1-8ECD-2FFB6F976847}.Release|ARM.Build.0 = Release|Any CPU
		{09ED5F57-634D-4CF1-8ECD-2FFB6F976847}.Release|x64.ActiveCfg = Release|Any CPU
		{09ED5F57-634D-4CF1-8ECD-2FFB6F976847}.Release|x64.Build.0 = Release|Any CPU
		{09ED5F57-634D-4CF1-8ECD-2FFB6F976847}.Release|x86.ActiveCfg = Release|Any CPU
		{09ED5F57-634D-4CF1-8ECD-2FFB6F976847}.Release|x86.Build.0 = Release|Any CPU
	EndGlobalSection
	GlobalSection(SolutionProperties) = preSolution
		HideSolutionNode = FALSE
	EndGlobalSection
	GlobalSection(NestedProjects) = preSolution
		{60AFA992-642A-4822-88EE-9A6787AF0B23} = {B72AA434-7821-4CEB-BB6F-7A8BA95A4264}
		{09ED5F57-634D-4CF1-8ECD-2FFB6F976847} = {B72AA434-7821-4CEB-BB6F-7A8BA95A4264}
	EndGlobalSection
EndGlobal
